
Microsoft Visual Studio Solution File, Format Version 12.00
# Visual Studio Version 16
VisualStudioVersion = 16.0.31911.196
MinimumVisualStudioVersion = 10.0.40219.1
Project("{FAE04EC0-301F-11D3-BF4B-00C04F79EFBC}") = "Miguel_Rodríguez_01", "Miguel_Rodríguez_01.csproj", "{26B0635E-0CAA-425C-B481-2347F0DC816F}"
EndProject
Global
	GlobalSection(SolutionConfigurationPlatforms) = preSolution
		Debug|Any CPU = Debug|Any CPU
		Release|Any CPU = Release|Any CPU
	EndGlobalSection
	GlobalSection(ProjectConfigurationPlatforms) = postSolution
		{26B0635E-0CAA-425C-B481-2347F0DC816F}.Debug|Any CPU.ActiveCfg = Debug|Any CPU
		{26B0635E-0CAA-425C-B481-2347F0DC816F}.Debug|Any CPU.Build.0 = Debug|Any CPU
		{26B0635E-0CAA-425C-B481-2347F0DC816F}.Release|Any CPU.ActiveCfg = Release|Any CPU
		{26B0635E-0CAA-425C-B481-2347F0DC816F}.Release|Any CPU.Build.0 = Release|Any CPU
	EndGlobalSection
	GlobalSection(SolutionProperties) = preSolution
		HideSolutionNode = FALSE
	EndGlobalSection
	GlobalSection(ExtensibilityGlobals) = postSolution
		SolutionGuid = {F5DAA3EA-B627-425B-95AE-6750E46E7A98}
	EndGlobalSection
EndGlobal
